<?xml version="1.0" encoding="utf-8"?>
<Project ToolsVersion="4.0" xmlns="http://schemas.microsoft.com/developer/msbuild/2003">
  <ItemGroup>
    <Filter Include="Source Files">
      <UniqueIdentifier>{4FC737F1-C7A5-4376-A066-2A32D752A2FF}</UniqueIdentifier>
      <Extensions>cpp;c;cc;cxx;c++;cppm;ixx;def;odl;idl;hpj;bat;asm;asmx</Extensions>
    </Filter>
    <Filter Include="Header Files">
      <UniqueIdentifier>{93995380-89BD-4b04-88EB-625FBE52EBFB}</UniqueIdentifier>
      <Extensions>h;hh;hpp;hxx;h++;hm;inl;inc;ipp;xsd</Extensions>
    </Filter>
    <Filter Include="Resource Files">
      <UniqueIdentifier>{67DA6AB6-F800-4c08-8B7A-83BB121AAD01}</UniqueIdentifier>
      <Extensions>rc;ico;cur;bmp;dlg;rc2;rct;bin;rgs;gif;jpg;jpeg;jpe;resx;tiff;tif;png;wav;mfcribbon-ms</Extensions>
    </Filter>
    <Filter Include="Header Files\Core">
      <UniqueIdentifier>{6c851759-5969-42f0-bea0-eb0cbfff3d6f}</UniqueIdentifier>
    </Filter>
    <Filter Include="Header Files\Screens">
      <UniqueIdentifier>{26c8315b-c344-4f6a-b9fa-8f450aef3615}</UniqueIdentifier>
    </Filter>
    <Filter Include="Header Files\Screens\Client">
      <UniqueIdentifier>{31e265a3-7a84-4909-a92d-180f60a51c66}</UniqueIdentifier>
    </Filter>
    <Filter Include="Header Files\Screens\Client\Transactions">
      <UniqueIdentifier>{eb74a519-250b-4e0f-8e08-2b335bae1100}</UniqueIdentifier>
    </Filter>
    <Filter Include="Header Files\Screens\Currencies">
      <UniqueIdentifier>{1a53d809-6ad3-4825-8e97-c99e5fe17f81}</UniqueIdentifier>
    </Filter>
    <Filter Include="Header Files\Screens\User">
      <UniqueIdentifier>{bf523f2a-3963-4959-85ec-00ffac2b111f}</UniqueIdentifier>
    </Filter>
    <Filter Include="Header Files\Screens\Login">
      <UniqueIdentifier>{eed85d2d-95b8-4eb3-82ca-dbb6173d6713}</UniqueIdentifier>
    </Filter>
  </ItemGroup>
  <ItemGroup>
    <ClCompile Include="Coruse11-BankProject.cpp">
      <Filter>Source Files</Filter>
    </ClCompile>
    <ClCompile Include="clsPerson.cpp">
      <Filter>Source Files</Filter>
    </ClCompile>
    <ClCompile Include="clsBankClient.cpp">
      <Filter>Source Files</Filter>
    </ClCompile>
    <ClCompile Include="clsMainScreen.cpp">
      <Filter>Source Files</Filter>
    </ClCompile>
    <ClCompile Include="clsScreen.cpp">
      <Filter>Source Files</Filter>
    </ClCompile>
    <ClCompile Include="clsClientListScreen.cpp">
      <Filter>Source Files</Filter>
    </ClCompile>
    <ClCompile Include="clsAddNewClientScreen.cpp">
      <Filter>Source Files</Filter>
    </ClCompile>
    <ClCompile Include="clsUpdateClientScreen.cpp">
      <Filter>Source Files</Filter>
    </ClCompile>
    <ClCompile Include="clsDeleteClientScreen.cpp">
      <Filter>Source Files</Filter>
    </ClCompile>
    <ClCompile Include="clsFindClientScreen.cpp">
      <Filter>Source Files</Filter>
    </ClCompile>
    <ClCompile Include="clsTransactionsScreen.cpp">
      <Filter>Source Files</Filter>
    </ClCompile>
    <ClCompile Include="clsDepositScreen.cpp">
      <Filter>Source Files</Filter>
    </ClCompile>
    <ClCompile Include="clsWithdrawScreen.cpp">
      <Filter>Source Files</Filter>
    </ClCompile>
    <ClCompile Include="clsTotalBalanceScreen.cpp">
      <Filter>Source Files</Filter>
    </ClCompile>
    <ClCompile Include="clsManageUsersScreen.cpp">
      <Filter>Source Files</Filter>
    </ClCompile>
    <ClCompile Include="clsUser.cpp">
      <Filter>Source Files</Filter>
    </ClCompile>
    <ClCompile Include="clsListUsersScreen.cpp">
      <Filter>Source Files</Filter>
    </ClCompile>
    <ClCompile Include="clsAddNewUserScreen.cpp">
      <Filter>Source Files</Filter>
    </ClCompile>
    <ClCompile Include="clsDeleteUserScreen.cpp">
      <Filter>Source Files</Filter>
    </ClCompile>
    <ClCompile Include="clsUpdateUserScreen.cpp">
      <Filter>Source Files</Filter>
    </ClCompile>
    <ClCompile Include="clsFindUserScreen.cpp">
      <Filter>Source Files</Filter>
    </ClCompile>
    <ClCompile Include="clsLoginScreen.cpp">
      <Filter>Source Files</Filter>
    </ClCompile>
    <ClCompile Include="Global.cpp">
      <Filter>Source Files</Filter>
    </ClCompile>
    <ClCompile Include="clsLoginRegisterScreen.cpp">
      <Filter>Source Files</Filter>
    </ClCompile>
    <ClCompile Include="clsTransferScreen.cpp">
      <Filter>Source Files</Filter>
    </ClCompile>
    <ClCompile Include="clsTransferLogScreen.cpp">
      <Filter>Source Files</Filter>
    </ClCompile>
    <ClCompile Include="clsCurrency.cpp">
      <Filter>Source Files</Filter>
    </ClCompile>
    <ClCompile Include="clsCurrencyExchangeMenu.cpp">
      <Filter>Source Files</Filter>
    </ClCompile>
    <ClCompile Include="clsCurrenciesListScreen.cpp">
      <Filter>Source Files</Filter>
    </ClCompile>
    <ClCompile Include="clsFindCurrencyScreen.cpp">
      <Filter>Source Files</Filter>
    </ClCompile>
    <ClCompile Include="clsUpdateCurrencyRateScreen.cpp">
      <Filter>Source Files</Filter>
    </ClCompile>
    <ClCompile Include="clsCurrencyCalculatorScreen.cpp">
      <Filter>Source Files</Filter>
    </ClCompile>
  </ItemGroup>
  <ItemGroup>
    <ClInclude Include="Global.h">
      <Filter>Header Files</Filter>
    </ClInclude>
    <ClInclude Include="clsPerson.h">
      <Filter>Header Files\Core</Filter>
    </ClInclude>
    <ClInclude Include="clsUser.h">
      <Filter>Header Files\Core</Filter>
    </ClInclude>
    <ClInclude Include="clsBankClient.h">
      <Filter>Header Files\Core</Filter>
    </ClInclude>
    <ClInclude Include="clsCurrency.h">
      <Filter>Header Files\Core</Filter>
    </ClInclude>
    <ClInclude Include="clsScreen.h">
      <Filter>Header Files\Screens</Filter>
    </ClInclude>
    <ClInclude Include="clsMainScreen.h">
      <Filter>Header Files\Screens</Filter>
    </ClInclude>
    <ClInclude Include="clsAddNewClientScreen.h">
      <Filter>Header Files\Screens\Client</Filter>
    </ClInclude>
    <ClInclude Include="clsClientListScreen.h">
      <Filter>Header Files\Screens\Client</Filter>
    </ClInclude>
    <ClInclude Include="clsDeleteClientScreen.h">
      <Filter>Header Files\Screens\Client</Filter>
    </ClInclude>
    <ClInclude Include="clsUpdateClientScreen.h">
      <Filter>Header Files\Screens\Client</Filter>
    </ClInclude>
    <ClInclude Include="clsFindClientScreen.h">
      <Filter>Header Files\Screens\Client</Filter>
    </ClInclude>
    <ClInclude Include="clsWithdrawScreen.h">
      <Filter>Header Files\Screens\Client\Transactions</Filter>
    </ClInclude>
    <ClInclude Include="clsTransferScreen.h">
      <Filter>Header Files\Screens\Client\Transactions</Filter>
    </ClInclude>
    <ClInclude Include="clsTransferLogScreen.h">
      <Filter>Header Files\Screens\Client\Transactions</Filter>
    </ClInclude>
    <ClInclude Include="clsTotalBalanceScreen.h">
      <Filter>Header Files\Screens\Client\Transactions</Filter>
    </ClInclude>
    <ClInclude Include="clsDepositScreen.h">
      <Filter>Header Files\Screens\Client\Transactions</Filter>
    </ClInclude>
    <ClInclude Include="clsTransactionsScreen.h">
      <Filter>Header Files\Screens\Client\Transactions</Filter>
    </ClInclude>
    <ClInclude Include="clsCurrenciesListScreen.h">
      <Filter>Header Files\Screens\Currencies</Filter>
    </ClInclude>
    <ClInclude Include="clsCurrencyCalculatorScreen.h">
      <Filter>Header Files\Screens\Currencies</Filter>
    </ClInclude>
    <ClInclude Include="clsCurrencyExchangeMenu.h">
      <Filter>Header Files\Screens\Currencies</Filter>
    </ClInclude>
    <ClInclude Include="clsUpdateCurrencyRateScreen.h">
      <Filter>Header Files\Screens\Currencies</Filter>
    </ClInclude>
    <ClInclude Include="clsFindCurrencyScreen.h">
      <Filter>Header Files\Screens\Currencies</Filter>
    </ClInclude>
    <ClInclude Include="clsListUsersScreen.h">
      <Filter>Header Files\Screens\User</Filter>
    </ClInclude>
    <ClInclude Include="clsAddNewUserScreen.h">
      <Filter>Header Files\Screens\User</Filter>
    </ClInclude>
    <ClInclude Include="clsDeleteUserScreen.h">
      <Filter>Header Files\Screens\User</Filter>
    </ClInclude>
    <ClInclude Include="clsFindUserScreen.h">
      <Filter>Header Files\Screens\User</Filter>
    </ClInclude>
    <ClInclude Include="clsManageUsersScreen.h">
      <Filter>Header Files\Screens\User</Filter>
    </ClInclude>
    <ClInclude Include="clsUpdateUserScreen.h">
      <Filter>Header Files\Screens\User</Filter>
    </ClInclude>
    <ClInclude Include="clsLoginRegisterScreen.h">
      <Filter>Header Files\Screens\Login</Filter>
    </ClInclude>
    <ClInclude Include="clsLoginScreen.h">
      <Filter>Header Files\Screens\Login</Filter>
    </ClInclude>
  </ItemGroup>
</Project>